<Solution>
  <Folder Name="/ソリューション項目/">
  </Folder>
  <Project Path="../CodeShare/CodeShare.csproj" />
  <Project Path="../Cvnet10Base/Cvnet10Base.csproj" />
  <Project Path="../Cvnet10Server/Cvnet10Server.csproj" />
  <Project Path="Cvnet10Svtest/Cvnet10Svtest.csproj" />
  <Project Path="Cvnet10Wpftest/Cvnet10Wpftest.csproj" />
</Solution>
